// !$*UTF8*$!
{
	archiveVersion = 1;
	classes = {
	};
	objectVersion = 46;
	objects = {

/* Begin PBXBuildFile section */
		A1A94E621ABB58DC00E3517B /* webkitViewController.swift in Sources */ = {isa = PBXBuildFile; fileRef = A1A94E611ABB58DC00E3517B /* webkitViewController.swift */; };
		A1A94E631ABB58DC00E3517B /* webkitViewController.swift in Sources */ = {isa = PBXBuildFile; fileRef = A1A94E611ABB58DC00E3517B /* webkitViewController.swift */; };
		A1A94E651ABB58FD00E3517B /* webkitNotificationScriptMessageHandler.swift in Sources */ = {isa = PBXBuildFile; fileRef = A1A94E641ABB58FD00E3517B /* webkitNotificationScriptMessageHandler.swift */; };
		A1A94E661ABB58FD00E3517B /* webkitNotificationScriptMessageHandler.swift in Sources */ = {isa = PBXBuildFile; fileRef = A1A94E641ABB58FD00E3517B /* webkitNotificationScriptMessageHandler.swift */; };
		A1FD914A1ABB21E200653F36 /* AppDelegate.swift in Sources */ = {isa = PBXBuildFile; fileRef = A1FD91491ABB21E200653F36 /* AppDelegate.swift */; };
		A1FD914C1ABB21E200653F36 /* ViewController.swift in Sources */ = {isa = PBXBuildFile; fileRef = A1FD914B1ABB21E200653F36 /* ViewController.swift */; };
		A1FD914F1ABB21E200653F36 /* Main.storyboard in Resources */ = {isa = PBXBuildFile; fileRef = A1FD914D1ABB21E200653F36 /* Main.storyboard */; };
		A1FD91511ABB21E200653F36 /* Images.xcassets in Resources */ = {isa = PBXBuildFile; fileRef = A1FD91501ABB21E200653F36 /* Images.xcassets */; };
		A1FD91541ABB21E200653F36 /* LaunchScreen.xib in Resources */ = {isa = PBXBuildFile; fileRef = A1FD91521ABB21E200653F36 /* LaunchScreen.xib */; };
		A1FD91601ABB21E200653F36 /* MChair_ClientTests.swift in Sources */ = {isa = PBXBuildFile; fileRef = A1FD915F1ABB21E200653F36 /* MChair_ClientTests.swift */; };
/* End PBXBuildFile section */

/* Begin PBXContainerItemProxy section */
		A1FD915A1ABB21E200653F36 /* PBXContainerItemProxy */ = {
			isa = PBXContainerItemProxy;
			containerPortal = A1FD913C1ABB21E200653F36 /* Project object */;
			proxyType = 1;
			remoteGlobalIDString = A1FD91431ABB21E200653F36;
			remoteInfo = MChair.Client;
		};
/* End PBXContainerItemProxy section */

/* Begin PBXFileReference section */
		A1A94E611ABB58DC00E3517B /* webkitViewController.swift */ = {isa = PBXFileReference; fileEncoding = 4; lastKnownFileType = sourcecode.swift; name = webkitViewController.swift; path = public/webkitViewController.swift; sourceTree = "<group>"; };
		A1A94E641ABB58FD00E3517B /* webkitNotificationScriptMessageHandler.swift */ = {isa = PBXFileReference; fileEncoding = 4; lastKnownFileType = sourcecode.swift; name = webkitNotificationScriptMessageHandler.swift; path = public/webkitNotificationScriptMessageHandler.swift; sourceTree = "<group>"; };
		A1FD91441ABB21E200653F36 /* MChair.Client.app */ = {isa = PBXFileReference; explicitFileType = wrapper.application; includeInIndex = 0; path = MChair.Client.app; sourceTree = BUILT_PRODUCTS_DIR; };
		A1FD91481ABB21E200653F36 /* Info.plist */ = {isa = PBXFileReference; lastKnownFileType = text.plist.xml; path = Info.plist; sourceTree = "<group>"; };
		A1FD91491ABB21E200653F36 /* AppDelegate.swift */ = {isa = PBXFileReference; lastKnownFileType = sourcecode.swift; path = AppDelegate.swift; sourceTree = "<group>"; };
		A1FD914B1ABB21E200653F36 /* ViewController.swift */ = {isa = PBXFileReference; lastKnownFileType = sourcecode.swift; path = ViewController.swift; sourceTree = "<group>"; };
		A1FD914E1ABB21E200653F36 /* Base */ = {isa = PBXFileReference; lastKnownFileType = file.storyboard; name = Base; path = Base.lproj/Main.storyboard; sourceTree = "<group>"; };
		A1FD91501ABB21E200653F36 /* Images.xcassets */ = {isa = PBXFileReference; lastKnownFileType = folder.assetcatalog; path = Images.xcassets; sourceTree = "<group>"; };
		A1FD91531ABB21E200653F36 /* Base */ = {isa = PBXFileReference; lastKnownFileType = file.xib; name = Base; path = Base.lproj/LaunchScreen.xib; sourceTree = "<group>"; };
		A1FD91591ABB21E200653F36 /* MChair.ClientTests.xctest */ = {isa = PBXFileReference; explicitFileType = wrapper.cfbundle; includeInIndex = 0; path = MChair.ClientTests.xctest; sourceTree = BUILT_PRODUCTS_DIR; };
		A1FD915E1ABB21E200653F36 /* Info.plist */ = {isa = PBXFileReference; lastKnownFileType = text.plist.xml; path = Info.plist; sourceTree = "<group>"; };
		A1FD915F1ABB21E200653F36 /* MChair_ClientTests.swift */ = {isa = PBXFileReference; lastKnownFileType = sourcecode.swift; path = MChair_ClientTests.swift; sourceTree = "<group>"; };
/* End PBXFileReference section */

/* Begin PBXFrameworksBuildPhase section */
		A1FD91411ABB21E200653F36 /* Frameworks */ = {
			isa = PBXFrameworksBuildPhase;
			buildActionMask = 2147483647;
			files = (
			);
			runOnlyForDeploymentPostprocessing = 0;
		};
		A1FD91561ABB21E200653F36 /* Frameworks */ = {
			isa = PBXFrameworksBuildPhase;
			buildActionMask = 2147483647;
			files = (
			);
			runOnlyForDeploymentPostprocessing = 0;
		};
/* End PBXFrameworksBuildPhase section */

/* Begin PBXGroup section */
		A1A94E601ABB58BD00E3517B /* public */ = {
			isa = PBXGroup;
			children = (
				A1A94E611ABB58DC00E3517B /* webkitViewController.swift */,
				A1A94E641ABB58FD00E3517B /* webkitNotificationScriptMessageHandler.swift */,
			);
			name = public;
			sourceTree = "<group>";
		};
		A1FD913B1ABB21E200653F36 = {
			isa = PBXGroup;
			children = (
				A1A94E601ABB58BD00E3517B /* public */,
				A1FD91461ABB21E200653F36 /* MChair.Client */,
				A1FD915C1ABB21E200653F36 /* MChair.ClientTests */,
				A1FD91451ABB21E200653F36 /* Products */,
			);
			sourceTree = "<group>";
		};
		A1FD91451ABB21E200653F36 /* Products */ = {
			isa = PBXGroup;
			children = (
				A1FD91441ABB21E200653F36 /* MChair.Client.app */,
				A1FD91591ABB21E200653F36 /* MChair.ClientTests.xctest */,
			);
			name = Products;
			sourceTree = "<group>";
		};
		A1FD91461ABB21E200653F36 /* MChair.Client */ = {
			isa = PBXGroup;
			children = (
				A1FD91491ABB21E200653F36 /* AppDelegate.swift */,
				A1FD914B1ABB21E200653F36 /* ViewController.swift */,
				A1FD914D1ABB21E200653F36 /* Main.storyboard */,
				A1FD91501ABB21E200653F36 /* Images.xcassets */,
				A1FD91521ABB21E200653F36 /* LaunchScreen.xib */,
				A1FD91471ABB21E200653F36 /* Supporting Files */,
			);
			path = MChair.Client;
			sourceTree = "<group>";
		};
		A1FD91471ABB21E200653F36 /* Supporting Files */ = {
			isa = PBXGroup;
			children = (
				A1FD91481ABB21E200653F36 /* Info.plist */,
			);
			name = "Supporting Files";
			sourceTree = "<group>";
		};
		A1FD915C1ABB21E200653F36 /* MChair.ClientTests */ = {
			isa = PBXGroup;
			children = (
				A1FD915F1ABB21E200653F36 /* MChair_ClientTests.swift */,
				A1FD915D1ABB21E200653F36 /* Supporting Files */,
			);
			path = MChair.ClientTests;
			sourceTree = "<group>";
		};
		A1FD915D1ABB21E200653F36 /* Supporting Files */ = {
			isa = PBXGroup;
			children = (
				A1FD915E1ABB21E200653F36 /* Info.plist */,
			);
			name = "Supporting Files";
			sourceTree = "<group>";
		};
/* End PBXGroup section */

/* Begin PBXNativeTarget section */
		A1FD91431ABB21E200653F36 /* MChair.Client */ = {
			isa = PBXNativeTarget;
			buildConfigurationList = A1FD91631ABB21E200653F36 /* Build configuration list for PBXNativeTarget "MChair.Client" */;
			buildPhases = (
				A1FD91401ABB21E200653F36 /* Sources */,
				A1FD91411ABB21E200653F36 /* Frameworks */,
				A1FD91421ABB21E200653F36 /* Resources */,
			);
			buildRules = (
			);
			dependencies = (
			);
			name = MChair.Client;
			productName = MChair.Client;
			productReference = A1FD91441ABB21E200653F36 /* MChair.Client.app */;
			productType = "com.apple.product-type.application";
		};
		A1FD91581ABB21E200653F36 /* MChair.ClientTests */ = {
			isa = PBXNativeTarget;
			buildConfigurationList = A1FD91661ABB21E200653F36 /* Build configuration list for PBXNativeTarget "MChair.ClientTests" */;
			buildPhases = (
				A1FD91551ABB21E200653F36 /* Sources */,
				A1FD91561ABB21E200653F36 /* Frameworks */,
				A1FD91571ABB21E200653F36 /* Resources */,
			);
			buildRules = (
			);
			dependencies = (
				A1FD915B1ABB21E200653F36 /* PBXTargetDependency */,
			);
			name = MChair.ClientTests;
			productName = MChair.ClientTests;
			productReference = A1FD91591ABB21E200653F36 /* MChair.ClientTests.xctest */;
			productType = "com.apple.product-type.bundle.unit-test";
		};
/* End PBXNativeTarget section */

/* Begin PBXProject section */
		A1FD913C1ABB21E200653F36 /* Project object */ = {
			isa = PBXProject;
			attributes = {
				LastUpgradeCheck = 0610;
				ORGANIZATIONNAME = JYLabs;
				TargetAttributes = {
					A1FD91431ABB21E200653F36 = {
						CreatedOnToolsVersion = 6.1.1;
					};
					A1FD91581ABB21E200653F36 = {
						CreatedOnToolsVersion = 6.1.1;
						TestTargetID = A1FD91431ABB21E200653F36;
					};
				};
			};
			buildConfigurationList = A1FD913F1ABB21E200653F36 /* Build configuration list for PBXProject "MChair.Client" */;
			compatibilityVersion = "Xcode 3.2";
			developmentRegion = English;
			hasScannedForEncodings = 0;
			knownRegions = (
				en,
				Base,
			);
			mainGroup = A1FD913B1ABB21E200653F36;
			productRefGroup = A1FD91451ABB21E200653F36 /* Products */;
			projectDirPath = "";
			projectRoot = "";
			targets = (
				A1FD91431ABB21E200653F36 /* MChair.Client */,
				A1FD91581ABB21E200653F36 /* MChair.ClientTests */,
			);
		};
/* End PBXProject section */

/* Begin PBXResourcesBuildPhase section */
		A1FD91421ABB21E200653F36 /* Resources */ = {
			isa = PBXResourcesBuildPhase;
			buildActionMask = 2147483647;
			files = (
				A1FD914F1ABB21E200653F36 /* Main.storyboard in Resources */,
				A1FD91541ABB21E200653F36 /* LaunchScreen.xib in Resources */,
				A1FD91511ABB21E200653F36 /* Images.xcassets in Resources */,
			);
			runOnlyForDeploymentPostprocessing = 0;
		};
		A1FD91571ABB21E200653F36 /* Resources */ = {
			isa = PBXResourcesBuildPhase;
			buildActionMask = 2147483647;
			files = (
			);
			runOnlyForDeploymentPostprocessing = 0;
		};
/* End PBXResourcesBuildPhase section */

/* Begin PBXSourcesBuildPhase section */
		A1FD91401ABB21E200653F36 /* Sources */ = {
			isa = PBXSourcesBuildPhase;
			buildActionMask = 2147483647;
			files = (
				A1A94E651ABB58FD00E3517B /* webkitNotificationScriptMessageHandler.swift in Sources */,
				A1FD914C1ABB21E200653F36 /* ViewController.swift in Sources */,
				A1A94E621ABB58DC00E3517B /* webkitViewController.swift in Sources */,
				A1FD914A1ABB21E200653F36 /* AppDelegate.swift in Sources */,
			);
			runOnlyForDeploymentPostprocessing = 0;
		};
		A1FD91551ABB21E200653F36 /* Sources */ = {
			isa = PBXSourcesBuildPhase;
			buildActionMask = 2147483647;
			files = (
				A1A94E631ABB58DC00E3517B /* webkitViewController.swift in Sources */,
				A1A94E661ABB58FD00E3517B /* webkitNotificationScriptMessageHandler.swift in Sources */,
				A1FD91601ABB21E200653F36 /* MChair_ClientTests.swift in Sources */,
			);
			runOnlyForDeploymentPostprocessing = 0;
		};
/* End PBXSourcesBuildPhase section */

/* Begin PBXTargetDependency section */
		A1FD915B1ABB21E200653F36 /* PBXTargetDependency */ = {
			isa = PBXTargetDependency;
			target = A1FD91431ABB21E200653F36 /* MChair.Client */;
			targetProxy = A1FD915A1ABB21E200653F36 /* PBXContainerItemProxy */;
		};
/* End PBXTargetDependency section */

/* Begin PBXVariantGroup section */
		A1FD914D1ABB21E200653F36 /* Main.storyboard */ = {
			isa = PBXVariantGroup;
			children = (
				A1FD914E1ABB21E200653F36 /* Base */,
			);
			name = Main.storyboard;
			sourceTree = "<group>";
		};
		A1FD91521ABB21E200653F36 /* LaunchScreen.xib */ = {
			isa = PBXVariantGroup;
			children = (
				A1FD91531ABB21E200653F36 /* Base */,
			);
			name = LaunchScreen.xib;
			sourceTree = "<group>";
		};
/* End PBXVariantGroup section */

/* Begin XCBuildConfiguration section */
		A1FD91611ABB21E200653F36 /* Debug */ = {
			isa = XCBuildConfiguration;
			buildSettings = {
				ALWAYS_SEARCH_USER_PATHS = NO;
				CLANG_CXX_LANGUAGE_STANDARD = "gnu++0x";
				CLANG_CXX_LIBRARY = "libc++";
				CLANG_ENABLE_MODULES = YES;
				CLANG_ENABLE_OBJC_ARC = YES;
				CLANG_WARN_BOOL_CONVERSION = YES;
				CLANG_WARN_CONSTANT_CONVERSION = YES;
				CLANG_WARN_DIRECT_OBJC_ISA_USAGE = YES_ERROR;
				CLANG_WARN_EMPTY_BODY = YES;
				CLANG_WARN_ENUM_CONVERSION = YES;
				CLANG_WARN_INT_CONVERSION = YES;
				CLANG_WARN_OBJC_ROOT_CLASS = YES_ERROR;
				CLANG_WARN_UNREACHABLE_CODE = YES;
				CLANG_WARN__DUPLICATE_METHOD_MATCH = YES;
				"CODE_SIGN_IDENTITY[sdk=iphoneos*]" = "iPhone Developer";
				COPY_PHASE_STRIP = NO;
				ENABLE_STRICT_OBJC_MSGSEND = YES;
				GCC_C_LANGUAGE_STANDARD = gnu99;
				GCC_DYNAMIC_NO_PIC = NO;
				GCC_OPTIMIZATION_LEVEL = 0;
				GCC_PREPROCESSOR_DEFINITIONS = (
					"DEBUG=1",
					"$(inherited)",
				);
				GCC_SYMBOLS_PRIVATE_EXTERN = NO;
				GCC_WARN_64_TO_32_BIT_CONVERSION = YES;
				GCC_WARN_ABOUT_RETURN_TYPE = YES_ERROR;
				GCC_WARN_UNDECLARED_SELECTOR = YES;
				GCC_WARN_UNINITIALIZED_AUTOS = YES_AGGRESSIVE;
				GCC_WARN_UNUSED_FUNCTION = YES;
				GCC_WARN_UNUSED_VARIABLE = YES;
				IPHONEOS_DEPLOYMENT_TARGET = 8.1;
				MTL_ENABLE_DEBUG_INFO = YES;
				ONLY_ACTIVE_ARCH = YES;
				SDKROOT = iphoneos;
				SWIFT_OPTIMIZATION_LEVEL = "-Onone";
			};
			name = Debug;
		};
		A1FD91621ABB21E200653F36 /* Release */ = {
			isa = XCBuildConfiguration;
			buildSettings = {
				ALWAYS_SEARCH_USER_PATHS = NO;
				CLANG_CXX_LANGUAGE_STANDARD = "gnu++0x";
				CLANG_CXX_LIBRARY = "libc++";
				CLANG_ENABLE_MODULES = YES;
				CLANG_ENABLE_OBJC_ARC = YES;
				CLANG_WARN_BOOL_CONVERSION = YES;
				CLANG_WARN_CONSTANT_CONVERSION = YES;
				CLANG_WARN_DIRECT_OBJC_ISA_USAGE = YES_ERROR;
				CLANG_WARN_EMPTY_BODY = YES;
				CLANG_WARN_ENUM_CONVERSION = YES;
				CLANG_WARN_INT_CONVERSION = YES;
				CLANG_WARN_OBJC_ROOT_CLASS = YES_ERROR;
				CLANG_WARN_UNREACHABLE_CODE = YES;
				CLANG_WARN__DUPLICATE_METHOD_MATCH = YES;
				"CODE_SIGN_IDENTITY[sdk=iphoneos*]" = "iPhone Developer";
				COPY_PHASE_STRIP = YES;
				ENABLE_NS_ASSERTIONS = NO;
				ENABLE_STRICT_OBJC_MSGSEND = YES;
				GCC_C_LANGUAGE_STANDARD = gnu99;
				GCC_WARN_64_TO_32_BIT_CONVERSION = YES;
				GCC_WARN_ABOUT_RETURN_TYPE = YES_ERROR;
				GCC_WARN_UNDECLARED_SELECTOR = YES;
				GCC_WARN_UNINITIALIZED_AUTOS = YES_AGGRESSIVE;
				GCC_WARN_UNUSED_FUNCTION = YES;
				GCC_WARN_UNUSED_VARIABLE = YES;
				IPHONEOS_DEPLOYMENT_TARGET = 8.1;
				MTL_ENABLE_DEBUG_INFO = NO;
				SDKROOT = iphoneos;
				VALIDATE_PRODUCT = YES;
			};
			name = Release;
		};
		A1FD91641ABB21E200653F36 /* Debug */ = {
			isa = XCBuildConfiguration;
			buildSettings = {
				ASSETCATALOG_COMPILER_APPICON_NAME = AppIcon;
				INFOPLIST_FILE = MChair.Client/Info.plist;
				LD_RUNPATH_SEARCH_PATHS = "$(inherited) @executable_path/Frameworks";
				PRODUCT_NAME = "$(TARGET_NAME)";
			};
			name = Debug;
		};
		A1FD91651ABB21E200653F36 /* Release */ = {
			isa = XCBuildConfiguration;
			buildSettings = {
				ASSETCATALOG_COMPILER_APPICON_NAME = AppIcon;
				INFOPLIST_FILE = MChair.Client/Info.plist;
				LD_RUNPATH_SEARCH_PATHS = "$(inherited) @executable_path/Frameworks";
				PRODUCT_NAME = "$(TARGET_NAME)";
			};
			name = Release;
		};
		A1FD91671ABB21E200653F36 /* Debug */ = {
			isa = XCBuildConfiguration;
			buildSettings = {
				BUNDLE_LOADER = "$(TEST_HOST)";
				FRAMEWORK_SEARCH_PATHS = (
					"$(SDKROOT)/Developer/Library/Frameworks",
					"$(inherited)",
				);
				GCC_PREPROCESSOR_DEFINITIONS = (
					"DEBUG=1",
					"$(inherited)",
				);
				INFOPLIST_FILE = MChair.ClientTests/Info.plist;
				LD_RUNPATH_SEARCH_PATHS = "$(inherited) @executable_path/Frameworks @loader_path/Frameworks";
				PRODUCT_NAME = "$(TARGET_NAME)";
				TEST_HOST = "$(BUILT_PRODUCTS_DIR)/MChair.Client.app/MChair.Client";
			};
			name = Debug;
		};
		A1FD91681ABB21E200653F36 /* Release */ = {
			isa = XCBuildConfiguration;
			buildSettings = {
				BUNDLE_LOADER = "$(TEST_HOST)";
				FRAMEWORK_SEARCH_PATHS = (
					"$(SDKROOT)/Developer/Library/Frameworks",
					"$(inherited)",
				);
				INFOPLIST_FILE = MChair.ClientTests/Info.plist;
				LD_RUNPATH_SEARCH_PATHS = "$(inherited) @executable_path/Frameworks @loader_path/Frameworks";
				PRODUCT_NAME = "$(TARGET_NAME)";
				TEST_HOST = "$(BUILT_PRODUCTS_DIR)/MChair.Client.app/MChair.Client";
			};
			name = Release;
		};
/* End XCBuildConfiguration section */

/* Begin XCConfigurationList section */
		A1FD913F1ABB21E200653F36 /* Build configuration list for PBXProject "MChair.Client" */ = {
			isa = XCConfigurationList;
			buildConfigurations = (
				A1FD91611ABB21E200653F36 /* Debug */,
				A1FD91621ABB21E200653F36 /* Release */,
			);
			defaultConfigurationIsVisible = 0;
			defaultConfigurationName = Release;
		};
		A1FD91631ABB21E200653F36 /* Build configuration list for PBXNativeTarget "MChair.Client" */ = {
			isa = XCConfigurationList;
			buildConfigurations = (
				A1FD91641ABB21E200653F36 /* Debug */,
				A1FD91651ABB21E200653F36 /* Release */,
			);
			defaultConfigurationIsVisible = 0;
			defaultConfigurationName = Release;
		};
		A1FD91661ABB21E200653F36 /* Build configuration list for PBXNativeTarget "MChair.ClientTests" */ = {
			isa = XCConfigurationList;
			buildConfigurations = (
				A1FD91671ABB21E200653F36 /* Debug */,
				A1FD91681ABB21E200653F36 /* Release */,
			);
			defaultConfigurationIsVisible = 0;
			defaultConfigurationName = Release;
		};
/* End XCConfigurationList section */
	};
	rootObject = A1FD913C1ABB21E200653F36 /* Project object */;
}
